{
  "name": "riazanov-mebel-shop",
  "version": "1.0.0",
  "lockfileVersion": 3,
  "requires": true,
  "packages": {
    "": {
      "dependencies": {
        "@tanstack/react-query": "^5.76.2"
      }
    },
    "node_modules/@tanstack/query-core": {
      "version": "5.76.2",
      "resolved": "https://registry.npmjs.org/@tanstack/query-core/-/query-core-5.76.2.tgz",
      "integrity": "sha512-PFGwWh5ss9cJQ67l6bZ7hqXbisX2gy13G2jP+VGY1bgdbCfOMWh6UBVnN62QbFXro6CCoX9hYzTnZHr6Rz00YQ==",
      "funding": {
        "type": "github",
        "url": "https://github.com/sponsors/tannerlinsley"
      }
    },
    "node_modules/@tanstack/react-query": {
      "version": "5.76.2",
      "resolved": "https://registry.npmjs.org/@tanstack/react-query/-/react-query-5.76.2.tgz",
      "integrity": "sha512-rGkWberCrFdIxMdvSAJM/UOKeu0O/JVTbMmfhQoJpiU9Uq0EDx2EMCadnNuJWbXR4smDA2t7DY3NKkYFmDVS5A==",
      "dependencies": {
        "@tanstack/query-core": "5.76.2"
      },
      "funding": {
        "type": "github",
        "url": "https://github.com/sponsors/tannerlinsley"
      },
      "peerDependencies": {
        "react": "^18 || ^19"
      }
    },
    "node_modules/react": {
      "version": "19.1.0",
      "resolved": "https://registry.npmjs.org/react/-/react-19.1.0.tgz",
      "integrity": "sha512-FS+XFBNvn3GTAWq26joslQgWNoFu08F4kl0J4CgdNKADkdSGXQyTCnKteIAJy96Br6YbpEU1LSzV5dYtjMkMDg==",
      "peer": true,
      "engines": {
        "node": ">=0.10.0"
      }
    }
  }
}
